PODS:
  - Alamofire (5.2.1)
  - HTMLEntities (3.0.13)
  - SnapKit (5.0.1)

DEPENDENCIES:
  - Alamofire
  - HTMLEntities (from `https://github.com/IBM-Swift/swift-html-entities.git`)
  - SnapKit

SPEC REPOS:
  trunk:
    - Alamofire
    - SnapKit

EXTERNAL SOURCES:
  HTMLEntities:
    :git: https://github.com/IBM-Swift/swift-html-entities.git

CHECKOUT OPTIONS:
  HTMLEntities:
    :commit: 744c094976355aa96ca61b9b60ef0a38e979feb7
    :git: https://github.com/IBM-Swift/swift-html-entities.git

SPEC CHECKSUMS:
  Alamofire: e911732990610fe89af59ac0077f923d72dc3dfd
  HTMLEntities: 83738511518b3f29cf9644d0877505b8d3d1a849
  SnapKit: 97b92857e3df3a0c71833cce143274bf6ef8e5eb

PODFILE CHECKSUM: 2fe5e5f52cfd40820160e8cf06d9a0ba08fd3981

COCOAPODS: 1.9.1
