// !$*UTF8*$!
{
	archiveVersion = 1;
	classes = {
	};
	objectVersion = 51;
	objects = {

/* Begin PBXBuildFile section */
		415CC4DE2461187F004CC7F9 /* TabBarController.swift in Sources */ = {isa = PBXBuildFile; fileRef = 415CC4DD2461187F004CC7F9 /* TabBarController.swift */; };
		415CC4E624611C37004CC7F9 /* CreateViewController.swift in Sources */ = {isa = PBXBuildFile; fileRef = 415CC4E524611C37004CC7F9 /* CreateViewController.swift */; };
		415CC4E824611C3F004CC7F9 /* SavedViewController.swift in Sources */ = {isa = PBXBuildFile; fileRef = 415CC4E724611C3F004CC7F9 /* SavedViewController.swift */; };
		417E1916245FB8E10008DABD /* AppDelegate.swift in Sources */ = {isa = PBXBuildFile; fileRef = 417E1915245FB8E10008DABD /* AppDelegate.swift */; };
		417E1918245FB8E10008DABD /* SceneDelegate.swift in Sources */ = {isa = PBXBuildFile; fileRef = 417E1917245FB8E10008DABD /* SceneDelegate.swift */; };
		417E191F245FB8E20008DABD /* Assets.xcassets in Resources */ = {isa = PBXBuildFile; fileRef = 417E191E245FB8E20008DABD /* Assets.xcassets */; };
		417E1922245FB8E20008DABD /* LaunchScreen.storyboard in Resources */ = {isa = PBXBuildFile; fileRef = 417E1920245FB8E20008DABD /* LaunchScreen.storyboard */; };
		4180B06E24623D9100FA04C4 /* CatTableViewCell.swift in Sources */ = {isa = PBXBuildFile; fileRef = 4180B06D24623D9100FA04C4 /* CatTableViewCell.swift */; };
		4180B0702462444B00FA04C4 /* Cat.swift in Sources */ = {isa = PBXBuildFile; fileRef = 4180B06F2462444B00FA04C4 /* Cat.swift */; };
		4180B07424624D7D00FA04C4 /* NetworkManager.swift in Sources */ = {isa = PBXBuildFile; fileRef = 4180B07324624D7D00FA04C4 /* NetworkManager.swift */; };
		4180B07624625D5800FA04C4 /* SavedCollectionViewCell.swift in Sources */ = {isa = PBXBuildFile; fileRef = 4180B07524625D5800FA04C4 /* SavedCollectionViewCell.swift */; };
		4180B07A24625FFB00FA04C4 /* EditViewController.swift in Sources */ = {isa = PBXBuildFile; fileRef = 4180B07924625FFB00FA04C4 /* EditViewController.swift */; };
		4180B07C246267BC00FA04C4 /* EditTableViewCell.swift in Sources */ = {isa = PBXBuildFile; fileRef = 4180B07B246267BC00FA04C4 /* EditTableViewCell.swift */; };
		4180B07F2462691100FA04C4 /* Question.swift in Sources */ = {isa = PBXBuildFile; fileRef = 4180B07E2462691100FA04C4 /* Question.swift */; };
		4180B08324632BEC00FA04C4 /* category.json in Resources */ = {isa = PBXBuildFile; fileRef = 4180B0822463299C00FA04C4 /* category.json */; };
		4180B0872463CE0500FA04C4 /* CatViewController.swift in Sources */ = {isa = PBXBuildFile; fileRef = 4180B0862463CE0500FA04C4 /* CatViewController.swift */; };
		4180B0892463D7FF00FA04C4 /* Trivia.swift in Sources */ = {isa = PBXBuildFile; fileRef = 4180B0882463D7FF00FA04C4 /* Trivia.swift */; };
		4180B08B2463D9C800FA04C4 /* PlayViewController.swift in Sources */ = {isa = PBXBuildFile; fileRef = 4180B08A2463D9C800FA04C4 /* PlayViewController.swift */; };
		4180B094246637C100FA04C4 /* State.swift in Sources */ = {isa = PBXBuildFile; fileRef = 4180B093246637C100FA04C4 /* State.swift */; };
		4180B09624663F3A00FA04C4 /* EndViewController.swift in Sources */ = {isa = PBXBuildFile; fileRef = 4180B09524663F3A00FA04C4 /* EndViewController.swift */; };
		7CFC89DEC6785B6D5D8C7590 /* Pods_Triviac.framework in Frameworks */ = {isa = PBXBuildFile; fileRef = 97D214F22E18EA6F2F948A0F /* Pods_Triviac.framework */; };
/* End PBXBuildFile section */

/* Begin PBXFileReference section */
		415CC4DD2461187F004CC7F9 /* TabBarController.swift */ = {isa = PBXFileReference; lastKnownFileType = sourcecode.swift; path = TabBarController.swift; sourceTree = "<group>"; };
		415CC4E524611C37004CC7F9 /* CreateViewController.swift */ = {isa = PBXFileReference; lastKnownFileType = sourcecode.swift; path = CreateViewController.swift; sourceTree = "<group>"; };
		415CC4E724611C3F004CC7F9 /* SavedViewController.swift */ = {isa = PBXFileReference; lastKnownFileType = sourcecode.swift; path = SavedViewController.swift; sourceTree = "<group>"; };
		417E1912245FB8E10008DABD /* Triviac.app */ = {isa = PBXFileReference; explicitFileType = wrapper.application; includeInIndex = 0; path = Triviac.app; sourceTree = BUILT_PRODUCTS_DIR; };
		417E1915245FB8E10008DABD /* AppDelegate.swift */ = {isa = PBXFileReference; lastKnownFileType = sourcecode.swift; path = AppDelegate.swift; sourceTree = "<group>"; };
		417E1917245FB8E10008DABD /* SceneDelegate.swift */ = {isa = PBXFileReference; lastKnownFileType = sourcecode.swift; path = SceneDelegate.swift; sourceTree = "<group>"; };
		417E191E245FB8E20008DABD /* Assets.xcassets */ = {isa = PBXFileReference; lastKnownFileType = folder.assetcatalog; path = Assets.xcassets; sourceTree = "<group>"; };
		417E1921245FB8E20008DABD /* Base */ = {isa = PBXFileReference; lastKnownFileType = file.storyboard; name = Base; path = Base.lproj/LaunchScreen.storyboard; sourceTree = "<group>"; };
		417E1923245FB8E20008DABD /* Info.plist */ = {isa = PBXFileReference; lastKnownFileType = text.plist.xml; path = Info.plist; sourceTree = "<group>"; };
		4180B06D24623D9100FA04C4 /* CatTableViewCell.swift */ = {isa = PBXFileReference; lastKnownFileType = sourcecode.swift; path = CatTableViewCell.swift; sourceTree = "<group>"; };
		4180B06F2462444B00FA04C4 /* Cat.swift */ = {isa = PBXFileReference; lastKnownFileType = sourcecode.swift; path = Cat.swift; sourceTree = "<group>"; };
		4180B07324624D7D00FA04C4 /* NetworkManager.swift */ = {isa = PBXFileReference; lastKnownFileType = sourcecode.swift; path = NetworkManager.swift; sourceTree = "<group>"; };
		4180B07524625D5800FA04C4 /* SavedCollectionViewCell.swift */ = {isa = PBXFileReference; lastKnownFileType = sourcecode.swift; path = SavedCollectionViewCell.swift; sourceTree = "<group>"; };
		4180B07924625FFB00FA04C4 /* EditViewController.swift */ = {isa = PBXFileReference; lastKnownFileType = sourcecode.swift; path = EditViewController.swift; sourceTree = "<group>"; };
		4180B07B246267BC00FA04C4 /* EditTableViewCell.swift */ = {isa = PBXFileReference; lastKnownFileType = sourcecode.swift; path = EditTableViewCell.swift; sourceTree = "<group>"; };
		4180B07E2462691100FA04C4 /* Question.swift */ = {isa = PBXFileReference; lastKnownFileType = sourcecode.swift; path = Question.swift; sourceTree = "<group>"; };
		4180B0822463299C00FA04C4 /* category.json */ = {isa = PBXFileReference; lastKnownFileType = text.json; path = category.json; sourceTree = "<group>"; };
		4180B0862463CE0500FA04C4 /* CatViewController.swift */ = {isa = PBXFileReference; lastKnownFileType = sourcecode.swift; path = CatViewController.swift; sourceTree = "<group>"; };
		4180B0882463D7FF00FA04C4 /* Trivia.swift */ = {isa = PBXFileReference; lastKnownFileType = sourcecode.swift; path = Trivia.swift; sourceTree = "<group>"; };
		4180B08A2463D9C800FA04C4 /* PlayViewController.swift */ = {isa = PBXFileReference; lastKnownFileType = sourcecode.swift; path = PlayViewController.swift; sourceTree = "<group>"; };
		4180B093246637C100FA04C4 /* State.swift */ = {isa = PBXFileReference; lastKnownFileType = sourcecode.swift; path = State.swift; sourceTree = "<group>"; };
		4180B09524663F3A00FA04C4 /* EndViewController.swift */ = {isa = PBXFileReference; lastKnownFileType = sourcecode.swift; path = EndViewController.swift; sourceTree = "<group>"; };
		8673069DFB06EC73BA6A8C8A /* Pods-Triviac.release.xcconfig */ = {isa = PBXFileReference; includeInIndex = 1; lastKnownFileType = text.xcconfig; name = "Pods-Triviac.release.xcconfig"; path = "Target Support Files/Pods-Triviac/Pods-Triviac.release.xcconfig"; sourceTree = "<group>"; };
		97D214F22E18EA6F2F948A0F /* Pods_Triviac.framework */ = {isa = PBXFileReference; explicitFileType = wrapper.framework; includeInIndex = 0; path = Pods_Triviac.framework; sourceTree = BUILT_PRODUCTS_DIR; };
		CFBF17785A6CAD993F68E0BA /* Pods-Triviac.debug.xcconfig */ = {isa = PBXFileReference; includeInIndex = 1; lastKnownFileType = text.xcconfig; name = "Pods-Triviac.debug.xcconfig"; path = "Target Support Files/Pods-Triviac/Pods-Triviac.debug.xcconfig"; sourceTree = "<group>"; };
/* End PBXFileReference section */

/* Begin PBXFrameworksBuildPhase section */
		417E190F245FB8E10008DABD /* Frameworks */ = {
			isa = PBXFrameworksBuildPhase;
			buildActionMask = 2147483647;
			files = (
				7CFC89DEC6785B6D5D8C7590 /* Pods_Triviac.framework in Frameworks */,
			);
			runOnlyForDeploymentPostprocessing = 0;
		};
/* End PBXFrameworksBuildPhase section */

/* Begin PBXGroup section */
		417E1909245FB8E10008DABD = {
			isa = PBXGroup;
			children = (
				417E1914245FB8E10008DABD /* Triviac */,
				417E1913245FB8E10008DABD /* Products */,
				8B70FB3AC450AE6280F85D0D /* Pods */,
				75B6106250F507A02620DE7C /* Frameworks */,
			);
			sourceTree = "<group>";
		};
		417E1913245FB8E10008DABD /* Products */ = {
			isa = PBXGroup;
			children = (
				417E1912245FB8E10008DABD /* Triviac.app */,
			);
			name = Products;
			sourceTree = "<group>";
		};
		417E1914245FB8E10008DABD /* Triviac */ = {
			isa = PBXGroup;
			children = (
				4180B07824625ED600FA04C4 /* Saved */,
				4180B07724625EBE00FA04C4 /* Create */,
				4180B08C2463D9E700FA04C4 /* Play */,
				417E1915245FB8E10008DABD /* AppDelegate.swift */,
				417E1917245FB8E10008DABD /* SceneDelegate.swift */,
				415CC4DD2461187F004CC7F9 /* TabBarController.swift */,
				417E191E245FB8E20008DABD /* Assets.xcassets */,
				417E1920245FB8E20008DABD /* LaunchScreen.storyboard */,
				417E1923245FB8E20008DABD /* Info.plist */,
			);
			path = Triviac;
			sourceTree = "<group>";
		};
		4180B07724625EBE00FA04C4 /* Create */ = {
			isa = PBXGroup;
			children = (
				4180B06D24623D9100FA04C4 /* CatTableViewCell.swift */,
				4180B06F2462444B00FA04C4 /* Cat.swift */,
				4180B0822463299C00FA04C4 /* category.json */,
				415CC4E524611C37004CC7F9 /* CreateViewController.swift */,
				4180B0862463CE0500FA04C4 /* CatViewController.swift */,
			);
			path = Create;
			sourceTree = "<group>";
		};
		4180B07824625ED600FA04C4 /* Saved */ = {
			isa = PBXGroup;
			children = (
				4180B07D246268FA00FA04C4 /* Edit */,
				4180B07524625D5800FA04C4 /* SavedCollectionViewCell.swift */,
				415CC4E724611C3F004CC7F9 /* SavedViewController.swift */,
			);
			path = Saved;
			sourceTree = "<group>";
		};
		4180B07D246268FA00FA04C4 /* Edit */ = {
			isa = PBXGroup;
			children = (
				4180B07B246267BC00FA04C4 /* EditTableViewCell.swift */,
				4180B07924625FFB00FA04C4 /* EditViewController.swift */,
				4180B07E2462691100FA04C4 /* Question.swift */,
			);
			path = Edit;
			sourceTree = "<group>";
		};
		4180B08C2463D9E700FA04C4 /* Play */ = {
			isa = PBXGroup;
			children = (
				4180B08A2463D9C800FA04C4 /* PlayViewController.swift */,
				4180B09524663F3A00FA04C4 /* EndViewController.swift */,
				4180B093246637C100FA04C4 /* State.swift */,
				4180B07324624D7D00FA04C4 /* NetworkManager.swift */,
				4180B0882463D7FF00FA04C4 /* Trivia.swift */,
			);
			path = Play;
			sourceTree = "<group>";
		};
		75B6106250F507A02620DE7C /* Frameworks */ = {
			isa = PBXGroup;
			children = (
				97D214F22E18EA6F2F948A0F /* Pods_Triviac.framework */,
			);
			name = Frameworks;
			sourceTree = "<group>";
		};
		8B70FB3AC450AE6280F85D0D /* Pods */ = {
			isa = PBXGroup;
			children = (
				CFBF17785A6CAD993F68E0BA /* Pods-Triviac.debug.xcconfig */,
				8673069DFB06EC73BA6A8C8A /* Pods-Triviac.release.xcconfig */,
			);
			path = Pods;
			sourceTree = "<group>";
		};
/* End PBXGroup section */

/* Begin PBXNativeTarget section */
		417E1911245FB8E10008DABD /* Triviac */ = {
			isa = PBXNativeTarget;
			buildConfigurationList = 417E1926245FB8E20008DABD /* Build configuration list for PBXNativeTarget "Triviac" */;
			buildPhases = (
				AE39725BFAD2D37E0885C4A6 /* [CP] Check Pods Manifest.lock */,
				417E190E245FB8E10008DABD /* Sources */,
				417E190F245FB8E10008DABD /* Frameworks */,
				417E1910245FB8E10008DABD /* Resources */,
				B6BF5C772263AD8D1852BFBF /* [CP] Embed Pods Frameworks */,
			);
			buildRules = (
			);
			dependencies = (
			);
			name = Triviac;
			productName = Triviac;
			productReference = 417E1912245FB8E10008DABD /* Triviac.app */;
			productType = "com.apple.product-type.application";
		};
/* End PBXNativeTarget section */

/* Begin PBXProject section */
		417E190A245FB8E10008DABD /* Project object */ = {
			isa = PBXProject;
			attributes = {
				LastSwiftUpdateCheck = 1120;
				LastUpgradeCheck = 1120;
				ORGANIZATIONNAME = "Anya Ji";
				TargetAttributes = {
					417E1911245FB8E10008DABD = {
						CreatedOnToolsVersion = 11.2.1;
					};
				};
			};
			buildConfigurationList = 417E190D245FB8E10008DABD /* Build configuration list for PBXProject "Triviac" */;
			compatibilityVersion = "Xcode 9.3";
			developmentRegion = en;
			hasScannedForEncodings = 0;
			knownRegions = (
				en,
				Base,
			);
			mainGroup = 417E1909245FB8E10008DABD;
			productRefGroup = 417E1913245FB8E10008DABD /* Products */;
			projectDirPath = "";
			projectRoot = "";
			targets = (
				417E1911245FB8E10008DABD /* Triviac */,
			);
		};
/* End PBXProject section */

/* Begin PBXResourcesBuildPhase section */
		417E1910245FB8E10008DABD /* Resources */ = {
			isa = PBXResourcesBuildPhase;
			buildActionMask = 2147483647;
			files = (
				4180B08324632BEC00FA04C4 /* category.json in Resources */,
				417E1922245FB8E20008DABD /* LaunchScreen.storyboard in Resources */,
				417E191F245FB8E20008DABD /* Assets.xcassets in Resources */,
			);
			runOnlyForDeploymentPostprocessing = 0;
		};
/* End PBXResourcesBuildPhase section */

/* Begin PBXShellScriptBuildPhase section */
		AE39725BFAD2D37E0885C4A6 /* [CP] Check Pods Manifest.lock */ = {
			isa = PBXShellScriptBuildPhase;
			buildActionMask = 2147483647;
			files = (
			);
			inputFileListPaths = (
			);
			inputPaths = (
				"${PODS_PODFILE_DIR_PATH}/Podfile.lock",
				"${PODS_ROOT}/Manifest.lock",
			);
			name = "[CP] Check Pods Manifest.lock";
			outputFileListPaths = (
			);
			outputPaths = (
				"$(DERIVED_FILE_DIR)/Pods-Triviac-checkManifestLockResult.txt",
			);
			runOnlyForDeploymentPostprocessing = 0;
			shellPath = /bin/sh;
			shellScript = "diff \"${PODS_PODFILE_DIR_PATH}/Podfile.lock\" \"${PODS_ROOT}/Manifest.lock\" > /dev/null\nif [ $? != 0 ] ; then\n    # print error to STDERR\n    echo \"error: The sandbox is not in sync with the Podfile.lock. Run 'pod install' or update your CocoaPods installation.\" >&2\n    exit 1\nfi\n# This output is used by Xcode 'outputs' to avoid re-running this script phase.\necho \"SUCCESS\" > \"${SCRIPT_OUTPUT_FILE_0}\"\n";
			showEnvVarsInLog = 0;
		};
		B6BF5C772263AD8D1852BFBF /* [CP] Embed Pods Frameworks */ = {
			isa = PBXShellScriptBuildPhase;
			buildActionMask = 2147483647;
			files = (
			);
			inputFileListPaths = (
				"${PODS_ROOT}/Target Support Files/Pods-Triviac/Pods-Triviac-frameworks-${CONFIGURATION}-input-files.xcfilelist",
			);
			name = "[CP] Embed Pods Frameworks";
			outputFileListPaths = (
				"${PODS_ROOT}/Target Support Files/Pods-Triviac/Pods-Triviac-frameworks-${CONFIGURATION}-output-files.xcfilelist",
			);
			runOnlyForDeploymentPostprocessing = 0;
			shellPath = /bin/sh;
			shellScript = "\"${PODS_ROOT}/Target Support Files/Pods-Triviac/Pods-Triviac-frameworks.sh\"\n";
			showEnvVarsInLog = 0;
		};
/* End PBXShellScriptBuildPhase section */

/* Begin PBXSourcesBuildPhase section */
		417E190E245FB8E10008DABD /* Sources */ = {
			isa = PBXSourcesBuildPhase;
			buildActionMask = 2147483647;
			files = (
				4180B07A24625FFB00FA04C4 /* EditViewController.swift in Sources */,
				4180B08B2463D9C800FA04C4 /* PlayViewController.swift in Sources */,
				4180B07424624D7D00FA04C4 /* NetworkManager.swift in Sources */,
				4180B09624663F3A00FA04C4 /* EndViewController.swift in Sources */,
				4180B06E24623D9100FA04C4 /* CatTableViewCell.swift in Sources */,
				4180B07624625D5800FA04C4 /* SavedCollectionViewCell.swift in Sources */,
				4180B0892463D7FF00FA04C4 /* Trivia.swift in Sources */,
				415CC4E624611C37004CC7F9 /* CreateViewController.swift in Sources */,
				4180B094246637C100FA04C4 /* State.swift in Sources */,
				415CC4DE2461187F004CC7F9 /* TabBarController.swift in Sources */,
				417E1916245FB8E10008DABD /* AppDelegate.swift in Sources */,
				4180B0872463CE0500FA04C4 /* CatViewController.swift in Sources */,
				4180B0702462444B00FA04C4 /* Cat.swift in Sources */,
				415CC4E824611C3F004CC7F9 /* SavedViewController.swift in Sources */,
				4180B07F2462691100FA04C4 /* Question.swift in Sources */,
				4180B07C246267BC00FA04C4 /* EditTableViewCell.swift in Sources */,
				417E1918245FB8E10008DABD /* SceneDelegate.swift in Sources */,
			);
			runOnlyForDeploymentPostprocessing = 0;
		};
/* End PBXSourcesBuildPhase section */

/* Begin PBXVariantGroup section */
		417E1920245FB8E20008DABD /* LaunchScreen.storyboard */ = {
			isa = PBXVariantGroup;
			children = (
				417E1921245FB8E20008DABD /* Base */,
			);
			name = LaunchScreen.storyboard;
			sourceTree = "<group>";
		};
/* End PBXVariantGroup section */

/* Begin XCBuildConfiguration section */
		417E1924245FB8E20008DABD /* Debug */ = {
			isa = XCBuildConfiguration;
			buildSettings = {
				ALWAYS_SEARCH_USER_PATHS = NO;
				CLANG_ANALYZER_NONNULL = YES;
				CLANG_ANALYZER_NUMBER_OBJECT_CONVERSION = YES_AGGRESSIVE;
				CLANG_CXX_LANGUAGE_STANDARD = "gnu++14";
				CLANG_CXX_LIBRARY = "libc++";
				CLANG_ENABLE_MODULES = YES;
				CLANG_ENABLE_OBJC_ARC = YES;
				CLANG_ENABLE_OBJC_WEAK = YES;
				CLANG_WARN_BLOCK_CAPTURE_AUTORELEASING = YES;
				CLANG_WARN_BOOL_CONVERSION = YES;
				CLANG_WARN_COMMA = YES;
				CLANG_WARN_CONSTANT_CONVERSION = YES;
				CLANG_WARN_DEPRECATED_OBJC_IMPLEMENTATIONS = YES;
				CLANG_WARN_DIRECT_OBJC_ISA_USAGE = YES_ERROR;
				CLANG_WARN_DOCUMENTATION_COMMENTS = YES;
				CLANG_WARN_EMPTY_BODY = YES;
				CLANG_WARN_ENUM_CONVERSION = YES;
				CLANG_WARN_INFINITE_RECURSION = YES;
				CLANG_WARN_INT_CONVERSION = YES;
				CLANG_WARN_NON_LITERAL_NULL_CONVERSION = YES;
				CLANG_WARN_OBJC_IMPLICIT_RETAIN_SELF = YES;
				CLANG_WARN_OBJC_LITERAL_CONVERSION = YES;
				CLANG_WARN_OBJC_ROOT_CLASS = YES_ERROR;
				CLANG_WARN_RANGE_LOOP_ANALYSIS = YES;
				CLANG_WARN_STRICT_PROTOTYPES = YES;
				CLANG_WARN_SUSPICIOUS_MOVE = YES;
				CLANG_WARN_UNGUARDED_AVAILABILITY = YES_AGGRESSIVE;
				CLANG_WARN_UNREACHABLE_CODE = YES;
				CLANG_WARN__DUPLICATE_METHOD_MATCH = YES;
				COPY_PHASE_STRIP = NO;
				DEBUG_INFORMATION_FORMAT = dwarf;
				ENABLE_STRICT_OBJC_MSGSEND = YES;
				ENABLE_TESTABILITY = YES;
				GCC_C_LANGUAGE_STANDARD = gnu11;
				GCC_DYNAMIC_NO_PIC = NO;
				GCC_NO_COMMON_BLOCKS = YES;
				GCC_OPTIMIZATION_LEVEL = 0;
				GCC_PREPROCESSOR_DEFINITIONS = (
					"DEBUG=1",
					"$(inherited)",
				);
				GCC_WARN_64_TO_32_BIT_CONVERSION = YES;
				GCC_WARN_ABOUT_RETURN_TYPE = YES_ERROR;
				GCC_WARN_UNDECLARED_SELECTOR = YES;
				GCC_WARN_UNINITIALIZED_AUTOS = YES_AGGRESSIVE;
				GCC_WARN_UNUSED_FUNCTION = YES;
				GCC_WARN_UNUSED_VARIABLE = YES;
				IPHONEOS_DEPLOYMENT_TARGET = 13.2;
				MTL_ENABLE_DEBUG_INFO = INCLUDE_SOURCE;
				MTL_FAST_MATH = YES;
				ONLY_ACTIVE_ARCH = YES;
				SDKROOT = iphoneos;
				SWIFT_ACTIVE_COMPILATION_CONDITIONS = DEBUG;
				SWIFT_OPTIMIZATION_LEVEL = "-Onone";
			};
			name = Debug;
		};
		417E1925245FB8E20008DABD /* Release */ = {
			isa = XCBuildConfiguration;
			buildSettings = {
				ALWAYS_SEARCH_USER_PATHS = NO;
				CLANG_ANALYZER_NONNULL = YES;
				CLANG_ANALYZER_NUMBER_OBJECT_CONVERSION = YES_AGGRESSIVE;
				CLANG_CXX_LANGUAGE_STANDARD = "gnu++14";
				CLANG_CXX_LIBRARY = "libc++";
				CLANG_ENABLE_MODULES = YES;
				CLANG_ENABLE_OBJC_ARC = YES;
				CLANG_ENABLE_OBJC_WEAK = YES;
				CLANG_WARN_BLOCK_CAPTURE_AUTORELEASING = YES;
				CLANG_WARN_BOOL_CONVERSION = YES;
				CLANG_WARN_COMMA = YES;
				CLANG_WARN_CONSTANT_CONVERSION = YES;
				CLANG_WARN_DEPRECATED_OBJC_IMPLEMENTATIONS = YES;
				CLANG_WARN_DIRECT_OBJC_ISA_USAGE = YES_ERROR;
				CLANG_WARN_DOCUMENTATION_COMMENTS = YES;
				CLANG_WARN_EMPTY_BODY = YES;
				CLANG_WARN_ENUM_CONVERSION = YES;
				CLANG_WARN_INFINITE_RECURSION = YES;
				CLANG_WARN_INT_CONVERSION = YES;
				CLANG_WARN_NON_LITERAL_NULL_CONVERSION = YES;
				CLANG_WARN_OBJC_IMPLICIT_RETAIN_SELF = YES;
				CLANG_WARN_OBJC_LITERAL_CONVERSION = YES;
				CLANG_WARN_OBJC_ROOT_CLASS = YES_ERROR;
				CLANG_WARN_RANGE_LOOP_ANALYSIS = YES;
				CLANG_WARN_STRICT_PROTOTYPES = YES;
				CLANG_WARN_SUSPICIOUS_MOVE = YES;
				CLANG_WARN_UNGUARDED_AVAILABILITY = YES_AGGRESSIVE;
				CLANG_WARN_UNREACHABLE_CODE = YES;
				CLANG_WARN__DUPLICATE_METHOD_MATCH = YES;
				COPY_PHASE_STRIP = NO;
				DEBUG_INFORMATION_FORMAT = "dwarf-with-dsym";
				ENABLE_NS_ASSERTIONS = NO;
				ENABLE_STRICT_OBJC_MSGSEND = YES;
				GCC_C_LANGUAGE_STANDARD = gnu11;
				GCC_NO_COMMON_BLOCKS = YES;
				GCC_WARN_64_TO_32_BIT_CONVERSION = YES;
				GCC_WARN_ABOUT_RETURN_TYPE = YES_ERROR;
				GCC_WARN_UNDECLARED_SELECTOR = YES;
				GCC_WARN_UNINITIALIZED_AUTOS = YES_AGGRESSIVE;
				GCC_WARN_UNUSED_FUNCTION = YES;
				GCC_WARN_UNUSED_VARIABLE = YES;
				IPHONEOS_DEPLOYMENT_TARGET = 13.2;
				MTL_ENABLE_DEBUG_INFO = NO;
				MTL_FAST_MATH = YES;
				SDKROOT = iphoneos;
				SWIFT_COMPILATION_MODE = wholemodule;
				SWIFT_OPTIMIZATION_LEVEL = "-O";
				VALIDATE_PRODUCT = YES;
			};
			name = Release;
		};
		417E1927245FB8E20008DABD /* Debug */ = {
			isa = XCBuildConfiguration;
			baseConfigurationReference = CFBF17785A6CAD993F68E0BA /* Pods-Triviac.debug.xcconfig */;
			buildSettings = {
				ASSETCATALOG_COMPILER_APPICON_NAME = AppIcon;
				CODE_SIGN_STYLE = Automatic;
				DEVELOPMENT_TEAM = 8XC9SZ549C;
				INFOPLIST_FILE = Triviac/Info.plist;
				LD_RUNPATH_SEARCH_PATHS = (
					"$(inherited)",
					"@executable_path/Frameworks",
				);
				PRODUCT_BUNDLE_IDENTIFIER = com.anyaji.Triviac;
				PRODUCT_NAME = "$(TARGET_NAME)";
				SWIFT_VERSION = 5.0;
				TARGETED_DEVICE_FAMILY = "1,2";
			};
			name = Debug;
		};
		417E1928245FB8E20008DABD /* Release */ = {
			isa = XCBuildConfiguration;
			baseConfigurationReference = 8673069DFB06EC73BA6A8C8A /* Pods-Triviac.release.xcconfig */;
			buildSettings = {
				ASSETCATALOG_COMPILER_APPICON_NAME = AppIcon;
				CODE_SIGN_STYLE = Automatic;
				DEVELOPMENT_TEAM = 8XC9SZ549C;
				INFOPLIST_FILE = Triviac/Info.plist;
				LD_RUNPATH_SEARCH_PATHS = (
					"$(inherited)",
					"@executable_path/Frameworks",
				);
				PRODUCT_BUNDLE_IDENTIFIER = com.anyaji.Triviac;
				PRODUCT_NAME = "$(TARGET_NAME)";
				SWIFT_VERSION = 5.0;
				TARGETED_DEVICE_FAMILY = "1,2";
			};
			name = Release;
		};
/* End XCBuildConfiguration section */

/* Begin XCConfigurationList section */
		417E190D245FB8E10008DABD /* Build configuration list for PBXProject "Triviac" */ = {
			isa = XCConfigurationList;
			buildConfigurations = (
				417E1924245FB8E20008DABD /* Debug */,
				417E1925245FB8E20008DABD /* Release */,
			);
			defaultConfigurationIsVisible = 0;
			defaultConfigurationName = Release;
		};
		417E1926245FB8E20008DABD /* Build configuration list for PBXNativeTarget "Triviac" */ = {
			isa = XCConfigurationList;
			buildConfigurations = (
				417E1927245FB8E20008DABD /* Debug */,
				417E1928245FB8E20008DABD /* Release */,
			);
			defaultConfigurationIsVisible = 0;
			defaultConfigurationName = Release;
		};
/* End XCConfigurationList section */
	};
	rootObject = 417E190A245FB8E10008DABD /* Project object */;
}
